
Microsoft Visual Studio Solution File, Format Version 12.00
# Visual Studio Version 16
VisualStudioVersion = 16.0.31624.102
MinimumVisualStudioVersion = 10.0.40219.1
Project("{FAE04EC0-301F-11D3-BF4B-00C04F79EFBC}") = "Toolset_Backend", "Toolset_Backend.csproj", "{561CB81E-3370-4C90-B4A5-2646A3740E9C}"
EndProject
Global
	GlobalSection(SolutionConfigurationPlatforms) = preSolution
		Debug|Any CPU = Debug|Any CPU
		Release|Any CPU = Release|Any CPU
	EndGlobalSection
	GlobalSection(ProjectConfigurationPlatforms) = postSolution
		{561CB81E-3370-4C90-B4A5-2646A3740E9C}.Debug|Any CPU.ActiveCfg = Debug|Any CPU
		{561CB81E-3370-4C90-B4A5-2646A3740E9C}.Debug|Any CPU.Build.0 = Debug|Any CPU
		{561CB81E-3370-4C90-B4A5-2646A3740E9C}.Release|Any CPU.ActiveCfg = Release|Any CPU
		{561CB81E-3370-4C90-B4A5-2646A3740E9C}.Release|Any CPU.Build.0 = Release|Any CPU
	EndGlobalSection
	GlobalSection(SolutionProperties) = preSolution
		HideSolutionNode = FALSE
	EndGlobalSection
	GlobalSection(ExtensibilityGlobals) = postSolution
		SolutionGuid = {6C52A866-D65A-4CD7-ADC9-07BFD2EC038A}
	EndGlobalSection
EndGlobal
